// !$*UTF8*$!
{
	archiveVersion = 1;
	classes = {
	};
	objectVersion = 56;
	objects = {

/* Begin PBXBuildFile section */
		7CC49FCE28AF65EA00C62D0D /* AppDelegate.swift in Sources */ = {isa = PBXBuildFile; fileRef = 7CC49FCD28AF65EA00C62D0D /* AppDelegate.swift */; };
		7CC49FD028AF65EA00C62D0D /* SceneDelegate.swift in Sources */ = {isa = PBXBuildFile; fileRef = 7CC49FCF28AF65EA00C62D0D /* SceneDelegate.swift */; };
		7CC49FD228AF65EA00C62D0D /* ViewController.swift in Sources */ = {isa = PBXBuildFile; fileRef = 7CC49FD128AF65EA00C62D0D /* ViewController.swift */; };
		7CC49FD528AF65EA00C62D0D /* Main.storyboard in Resources */ = {isa = PBXBuildFile; fileRef = 7CC49FD328AF65EA00C62D0D /* Main.storyboard */; };
		7CC49FD728AF65ED00C62D0D /* Assets.xcassets in Resources */ = {isa = PBXBuildFile; fileRef = 7CC49FD628AF65ED00C62D0D /* Assets.xcassets */; };
		7CC49FDA28AF65ED00C62D0D /* LaunchScreen.storyboard in Resources */ = {isa = PBXBuildFile; fileRef = 7CC49FD828AF65ED00C62D0D /* LaunchScreen.storyboard */; };
		7CC49FE528AF65EE00C62D0D /* _0220819testTests.swift in Sources */ = {isa = PBXBuildFile; fileRef = 7CC49FE428AF65EE00C62D0D /* _0220819testTests.swift */; };
		7CC49FEF28AF65EE00C62D0D /* _0220819testUITests.swift in Sources */ = {isa = PBXBuildFile; fileRef = 7CC49FEE28AF65EE00C62D0D /* _0220819testUITests.swift */; };
		7CC49FF128AF65EE00C62D0D /* _0220819testUITestsLaunchTests.swift in Sources */ = {isa = PBXBuildFile; fileRef = 7CC49FF028AF65EE00C62D0D /* _0220819testUITestsLaunchTests.swift */; };
/* End PBXBuildFile section */

/* Begin PBXContainerItemProxy section */
		7CC49FE128AF65EE00C62D0D /* PBXContainerItemProxy */ = {
			isa = PBXContainerItemProxy;
			containerPortal = 7CC49FC228AF65EA00C62D0D /* Project object */;
			proxyType = 1;
			remoteGlobalIDString = 7CC49FC928AF65EA00C62D0D;
			remoteInfo = 20220819test;
		};
		7CC49FEB28AF65EE00C62D0D /* PBXContainerItemProxy */ = {
			isa = PBXContainerItemProxy;
			containerPortal = 7CC49FC228AF65EA00C62D0D /* Project object */;
			proxyType = 1;
			remoteGlobalIDString = 7CC49FC928AF65EA00C62D0D;
			remoteInfo = 20220819test;
		};
/* End PBXContainerItemProxy section */

/* Begin PBXFileReference section */
		7CC49FCA28AF65EA00C62D0D /* 骰子.app */ = {isa = PBXFileReference; explicitFileType = wrapper.application; includeInIndex = 0; path = "骰子.app"; sourceTree = BUILT_PRODUCTS_DIR; };
		7CC49FCD28AF65EA00C62D0D /* AppDelegate.swift */ = {isa = PBXFileReference; lastKnownFileType = sourcecode.swift; path = AppDelegate.swift; sourceTree = "<group>"; };
		7CC49FCF28AF65EA00C62D0D /* SceneDelegate.swift */ = {isa = PBXFileReference; lastKnownFileType = sourcecode.swift; path = SceneDelegate.swift; sourceTree = "<group>"; };
		7CC49FD128AF65EA00C62D0D /* ViewController.swift */ = {isa = PBXFileReference; lastKnownFileType = sourcecode.swift; path = ViewController.swift; sourceTree = "<group>"; };
		7CC49FD428AF65EA00C62D0D /* Base */ = {isa = PBXFileReference; lastKnownFileType = file.storyboard; name = Base; path = Base.lproj/Main.storyboard; sourceTree = "<group>"; };
		7CC49FD628AF65ED00C62D0D /* Assets.xcassets */ = {isa = PBXFileReference; lastKnownFileType = folder.assetcatalog; path = Assets.xcassets; sourceTree = "<group>"; };
		7CC49FD928AF65ED00C62D0D /* Base */ = {isa = PBXFileReference; lastKnownFileType = file.storyboard; name = Base; path = Base.lproj/LaunchScreen.storyboard; sourceTree = "<group>"; };
		7CC49FDB28AF65ED00C62D0D /* Info.plist */ = {isa = PBXFileReference; lastKnownFileType = text.plist.xml; path = Info.plist; sourceTree = "<group>"; };
		7CC49FE028AF65EE00C62D0D /* 骰子Tests.xctest */ = {isa = PBXFileReference; explicitFileType = wrapper.cfbundle; includeInIndex = 0; path = "骰子Tests.xctest"; sourceTree = BUILT_PRODUCTS_DIR; };
		7CC49FE428AF65EE00C62D0D /* _0220819testTests.swift */ = {isa = PBXFileReference; lastKnownFileType = sourcecode.swift; path = _0220819testTests.swift; sourceTree = "<group>"; };
		7CC49FEA28AF65EE00C62D0D /* 骰子UITests.xctest */ = {isa = PBXFileReference; explicitFileType = wrapper.cfbundle; includeInIndex = 0; path = "骰子UITests.xctest"; sourceTree = BUILT_PRODUCTS_DIR; };
		7CC49FEE28AF65EE00C62D0D /* _0220819testUITests.swift */ = {isa = PBXFileReference; lastKnownFileType = sourcecode.swift; path = _0220819testUITests.swift; sourceTree = "<group>"; };
		7CC49FF028AF65EE00C62D0D /* _0220819testUITestsLaunchTests.swift */ = {isa = PBXFileReference; lastKnownFileType = sourcecode.swift; path = _0220819testUITestsLaunchTests.swift; sourceTree = "<group>"; };
/* End PBXFileReference section */

/* Begin PBXFrameworksBuildPhase section */
		7CC49FC728AF65EA00C62D0D /* Frameworks */ = {
			isa = PBXFrameworksBuildPhase;
			buildActionMask = 2147483647;
			files = (
			);
			runOnlyForDeploymentPostprocessing = 0;
		};
		7CC49FDD28AF65EE00C62D0D /* Frameworks */ = {
			isa = PBXFrameworksBuildPhase;
			buildActionMask = 2147483647;
			files = (
			);
			runOnlyForDeploymentPostprocessing = 0;
		};
		7CC49FE728AF65EE00C62D0D /* Frameworks */ = {
			isa = PBXFrameworksBuildPhase;
			buildActionMask = 2147483647;
			files = (
			);
			runOnlyForDeploymentPostprocessing = 0;
		};
/* End PBXFrameworksBuildPhase section */

/* Begin PBXGroup section */
		7CC49FC128AF65EA00C62D0D = {
			isa = PBXGroup;
			children = (
				7CC49FCC28AF65EA00C62D0D /* 20220819test */,
				7CC49FE328AF65EE00C62D0D /* 20220819testTests */,
				7CC49FED28AF65EE00C62D0D /* 20220819testUITests */,
				7CC49FCB28AF65EA00C62D0D /* Products */,
			);
			sourceTree = "<group>";
		};
		7CC49FCB28AF65EA00C62D0D /* Products */ = {
			isa = PBXGroup;
			children = (
				7CC49FCA28AF65EA00C62D0D /* 骰子.app */,
				7CC49FE028AF65EE00C62D0D /* 骰子Tests.xctest */,
				7CC49FEA28AF65EE00C62D0D /* 骰子UITests.xctest */,
			);
			name = Products;
			sourceTree = "<group>";
		};
		7CC49FCC28AF65EA00C62D0D /* 20220819test */ = {
			isa = PBXGroup;
			children = (
				7CC49FCD28AF65EA00C62D0D /* AppDelegate.swift */,
				7CC49FCF28AF65EA00C62D0D /* SceneDelegate.swift */,
				7CC49FD128AF65EA00C62D0D /* ViewController.swift */,
				7CC49FD328AF65EA00C62D0D /* Main.storyboard */,
				7CC49FD628AF65ED00C62D0D /* Assets.xcassets */,
				7CC49FD828AF65ED00C62D0D /* LaunchScreen.storyboard */,
				7CC49FDB28AF65ED00C62D0D /* Info.plist */,
			);
			path = 20220819test;
			sourceTree = "<group>";
		};
		7CC49FE328AF65EE00C62D0D /* 20220819testTests */ = {
			isa = PBXGroup;
			children = (
				7CC49FE428AF65EE00C62D0D /* _0220819testTests.swift */,
			);
			path = 20220819testTests;
			sourceTree = "<group>";
		};
		7CC49FED28AF65EE00C62D0D /* 20220819testUITests */ = {
			isa = PBXGroup;
			children = (
				7CC49FEE28AF65EE00C62D0D /* _0220819testUITests.swift */,
				7CC49FF028AF65EE00C62D0D /* _0220819testUITestsLaunchTests.swift */,
			);
			path = 20220819testUITests;
			sourceTree = "<group>";
		};
/* End PBXGroup section */

/* Begin PBXNativeTarget section */
		7CC49FC928AF65EA00C62D0D /* 骰子 */ = {
			isa = PBXNativeTarget;
			buildConfigurationList = 7CC49FF428AF65EE00C62D0D /* Build configuration list for PBXNativeTarget "骰子" */;
			buildPhases = (
				7CC49FC628AF65EA00C62D0D /* Sources */,
				7CC49FC728AF65EA00C62D0D /* Frameworks */,
				7CC49FC828AF65EA00C62D0D /* Resources */,
			);
			buildRules = (
			);
			dependencies = (
			);
			name = "骰子";
			productName = 20220819test;
			productReference = 7CC49FCA28AF65EA00C62D0D /* 骰子.app */;
			productType = "com.apple.product-type.application";
		};
		7CC49FDF28AF65EE00C62D0D /* 骰子Tests */ = {
			isa = PBXNativeTarget;
			buildConfigurationList = 7CC49FF728AF65EE00C62D0D /* Build configuration list for PBXNativeTarget "骰子Tests" */;
			buildPhases = (
				7CC49FDC28AF65EE00C62D0D /* Sources */,
				7CC49FDD28AF65EE00C62D0D /* Frameworks */,
				7CC49FDE28AF65EE00C62D0D /* Resources */,
			);
			buildRules = (
			);
			dependencies = (
				7CC49FE228AF65EE00C62D0D /* PBXTargetDependency */,
			);
			name = "骰子Tests";
			productName = 20220819testTests;
			productReference = 7CC49FE028AF65EE00C62D0D /* 骰子Tests.xctest */;
			productType = "com.apple.product-type.bundle.unit-test";
		};
		7CC49FE928AF65EE00C62D0D /* 骰子UITests */ = {
			isa = PBXNativeTarget;
			buildConfigurationList = 7CC49FFA28AF65EE00C62D0D /* Build configuration list for PBXNativeTarget "骰子UITests" */;
			buildPhases = (
				7CC49FE628AF65EE00C62D0D /* Sources */,
				7CC49FE728AF65EE00C62D0D /* Frameworks */,
				7CC49FE828AF65EE00C62D0D /* Resources */,
			);
			buildRules = (
			);
			dependencies = (
				7CC49FEC28AF65EE00C62D0D /* PBXTargetDependency */,
			);
			name = "骰子UITests";
			productName = 20220819testUITests;
			productReference = 7CC49FEA28AF65EE00C62D0D /* 骰子UITests.xctest */;
			productType = "com.apple.product-type.bundle.ui-testing";
		};
/* End PBXNativeTarget section */

/* Begin PBXProject section */
		7CC49FC228AF65EA00C62D0D /* Project object */ = {
			isa = PBXProject;
			attributes = {
				BuildIndependentTargetsInParallel = 1;
				LastSwiftUpdateCheck = 1400;
				LastUpgradeCheck = 1400;
				TargetAttributes = {
					7CC49FC928AF65EA00C62D0D = {
						CreatedOnToolsVersion = 14.0;
					};
					7CC49FDF28AF65EE00C62D0D = {
						CreatedOnToolsVersion = 14.0;
						TestTargetID = 7CC49FC928AF65EA00C62D0D;
					};
					7CC49FE928AF65EE00C62D0D = {
						CreatedOnToolsVersion = 14.0;
						TestTargetID = 7CC49FC928AF65EA00C62D0D;
					};
				};
			};
			buildConfigurationList = 7CC49FC528AF65EA00C62D0D /* Build configuration list for PBXProject "骰子" */;
			compatibilityVersion = "Xcode 14.0";
			developmentRegion = en;
			hasScannedForEncodings = 0;
			knownRegions = (
				en,
				Base,
			);
			mainGroup = 7CC49FC128AF65EA00C62D0D;
			productRefGroup = 7CC49FCB28AF65EA00C62D0D /* Products */;
			projectDirPath = "";
			projectRoot = "";
			targets = (
				7CC49FC928AF65EA00C62D0D /* 骰子 */,
				7CC49FDF28AF65EE00C62D0D /* 骰子Tests */,
				7CC49FE928AF65EE00C62D0D /* 骰子UITests */,
			);
		};
/* End PBXProject section */

/* Begin PBXResourcesBuildPhase section */
		7CC49FC828AF65EA00C62D0D /* Resources */ = {
			isa = PBXResourcesBuildPhase;
			buildActionMask = 2147483647;
			files = (
				7CC49FDA28AF65ED00C62D0D /* LaunchScreen.storyboard in Resources */,
				7CC49FD728AF65ED00C62D0D /* Assets.xcassets in Resources */,
				7CC49FD528AF65EA00C62D0D /* Main.storyboard in Resources */,
			);
			runOnlyForDeploymentPostprocessing = 0;
		};
		7CC49FDE28AF65EE00C62D0D /* Resources */ = {
			isa = PBXResourcesBuildPhase;
			buildActionMask = 2147483647;
			files = (
			);
			runOnlyForDeploymentPostprocessing = 0;
		};
		7CC49FE828AF65EE00C62D0D /* Resources */ = {
			isa = PBXResourcesBuildPhase;
			buildActionMask = 2147483647;
			files = (
			);
			runOnlyForDeploymentPostprocessing = 0;
		};
/* End PBXResourcesBuildPhase section */

/* Begin PBXSourcesBuildPhase section */
		7CC49FC628AF65EA00C62D0D /* Sources */ = {
			isa = PBXSourcesBuildPhase;
			buildActionMask = 2147483647;
			files = (
				7CC49FD228AF65EA00C62D0D /* ViewController.swift in Sources */,
				7CC49FCE28AF65EA00C62D0D /* AppDelegate.swift in Sources */,
				7CC49FD028AF65EA00C62D0D /* SceneDelegate.swift in Sources */,
			);
			runOnlyForDeploymentPostprocessing = 0;
		};
		7CC49FDC28AF65EE00C62D0D /* Sources */ = {
			isa = PBXSourcesBuildPhase;
			buildActionMask = 2147483647;
			files = (
				7CC49FE528AF65EE00C62D0D /* _0220819testTests.swift in Sources */,
			);
			runOnlyForDeploymentPostprocessing = 0;
		};
		7CC49FE628AF65EE00C62D0D /* Sources */ = {
			isa = PBXSourcesBuildPhase;
			buildActionMask = 2147483647;
			files = (
				7CC49FEF28AF65EE00C62D0D /* _0220819testUITests.swift in Sources */,
				7CC49FF128AF65EE00C62D0D /* _0220819testUITestsLaunchTests.swift in Sources */,
			);
			runOnlyForDeploymentPostprocessing = 0;
		};
/* End PBXSourcesBuildPhase section */

/* Begin PBXTargetDependency section */
		7CC49FE228AF65EE00C62D0D /* PBXTargetDependency */ = {
			isa = PBXTargetDependency;
			target = 7CC49FC928AF65EA00C62D0D /* 骰子 */;
			targetProxy = 7CC49FE128AF65EE00C62D0D /* PBXContainerItemProxy */;
		};
		7CC49FEC28AF65EE00C62D0D /* PBXTargetDependency */ = {
			isa = PBXTargetDependency;
			target = 7CC49FC928AF65EA00C62D0D /* 骰子 */;
			targetProxy = 7CC49FEB28AF65EE00C62D0D /* PBXContainerItemProxy */;
		};
/* End PBXTargetDependency section */

/* Begin PBXVariantGroup section */
		7CC49FD328AF65EA00C62D0D /* Main.storyboard */ = {
			isa = PBXVariantGroup;
			children = (
				7CC49FD428AF65EA00C62D0D /* Base */,
			);
			name = Main.storyboard;
			sourceTree = "<group>";
		};
		7CC49FD828AF65ED00C62D0D /* LaunchScreen.storyboard */ = {
			isa = PBXVariantGroup;
			children = (
				7CC49FD928AF65ED00C62D0D /* Base */,
			);
			name = LaunchScreen.storyboard;
			sourceTree = "<group>";
		};
/* End PBXVariantGroup section */

/* Begin XCBuildConfiguration section */
		7CC49FF228AF65EE00C62D0D /* Debug */ = {
			isa = XCBuildConfiguration;
			buildSettings = {
				ALWAYS_SEARCH_USER_PATHS = NO;
				CLANG_ANALYZER_NONNULL = YES;
				CLANG_ANALYZER_NUMBER_OBJECT_CONVERSION = YES_AGGRESSIVE;
				CLANG_CXX_LANGUAGE_STANDARD = "gnu++20";
				CLANG_ENABLE_MODULES = YES;
				CLANG_ENABLE_OBJC_ARC = YES;
				CLANG_ENABLE_OBJC_WEAK = YES;
				CLANG_WARN_BLOCK_CAPTURE_AUTORELEASING = YES;
				CLANG_WARN_BOOL_CONVERSION = YES;
				CLANG_WARN_COMMA = YES;
				CLANG_WARN_CONSTANT_CONVERSION = YES;
				CLANG_WARN_DEPRECATED_OBJC_IMPLEMENTATIONS = YES;
				CLANG_WARN_DIRECT_OBJC_ISA_USAGE = YES_ERROR;
				CLANG_WARN_DOCUMENTATION_COMMENTS = YES;
				CLANG_WARN_EMPTY_BODY = YES;
				CLANG_WARN_ENUM_CONVERSION = YES;
				CLANG_WARN_INFINITE_RECURSION = YES;
				CLANG_WARN_INT_CONVERSION = YES;
				CLANG_WARN_NON_LITERAL_NULL_CONVERSION = YES;
				CLANG_WARN_OBJC_IMPLICIT_RETAIN_SELF = YES;
				CLANG_WARN_OBJC_LITERAL_CONVERSION = YES;
				CLANG_WARN_OBJC_ROOT_CLASS = YES_ERROR;
				CLANG_WARN_QUOTED_INCLUDE_IN_FRAMEWORK_HEADER = YES;
				CLANG_WARN_RANGE_LOOP_ANALYSIS = YES;
				CLANG_WARN_STRICT_PROTOTYPES = YES;
				CLANG_WARN_SUSPICIOUS_MOVE = YES;
				CLANG_WARN_UNGUARDED_AVAILABILITY = YES_AGGRESSIVE;
				CLANG_WARN_UNREACHABLE_CODE = YES;
				CLANG_WARN__DUPLICATE_METHOD_MATCH = YES;
				COPY_PHASE_STRIP = NO;
				DEBUG_INFORMATION_FORMAT = dwarf;
				ENABLE_STRICT_OBJC_MSGSEND = YES;
				ENABLE_TESTABILITY = YES;
				GCC_C_LANGUAGE_STANDARD = gnu11;
				GCC_DYNAMIC_NO_PIC = NO;
				GCC_NO_COMMON_BLOCKS = YES;
				GCC_OPTIMIZATION_LEVEL = 0;
				GCC_PREPROCESSOR_DEFINITIONS = (
					"DEBUG=1",
					"$(inherited)",
				);
				GCC_WARN_64_TO_32_BIT_CONVERSION = YES;
				GCC_WARN_ABOUT_RETURN_TYPE = YES_ERROR;
				GCC_WARN_UNDECLARED_SELECTOR = YES;
				GCC_WARN_UNINITIALIZED_AUTOS = YES_AGGRESSIVE;
				GCC_WARN_UNUSED_FUNCTION = YES;
				GCC_WARN_UNUSED_VARIABLE = YES;
				IPHONEOS_DEPLOYMENT_TARGET = 16.0;
				MTL_ENABLE_DEBUG_INFO = INCLUDE_SOURCE;
				MTL_FAST_MATH = YES;
				ONLY_ACTIVE_ARCH = YES;
				SDKROOT = iphoneos;
				SWIFT_ACTIVE_COMPILATION_CONDITIONS = DEBUG;
				SWIFT_OPTIMIZATION_LEVEL = "-Onone";
			};
			name = Debug;
		};
		7CC49FF328AF65EE00C62D0D /* Release */ = {
			isa = XCBuildConfiguration;
			buildSettings = {
				ALWAYS_SEARCH_USER_PATHS = NO;
				CLANG_ANALYZER_NONNULL = YES;
				CLANG_ANALYZER_NUMBER_OBJECT_CONVERSION = YES_AGGRESSIVE;
				CLANG_CXX_LANGUAGE_STANDARD = "gnu++20";
				CLANG_ENABLE_MODULES = YES;
				CLANG_ENABLE_OBJC_ARC = YES;
				CLANG_ENABLE_OBJC_WEAK = YES;
				CLANG_WARN_BLOCK_CAPTURE_AUTORELEASING = YES;
				CLANG_WARN_BOOL_CONVERSION = YES;
				CLANG_WARN_COMMA = YES;
				CLANG_WARN_CONSTANT_CONVERSION = YES;
				CLANG_WARN_DEPRECATED_OBJC_IMPLEMENTATIONS = YES;
				CLANG_WARN_DIRECT_OBJC_ISA_USAGE = YES_ERROR;
				CLANG_WARN_DOCUMENTATION_COMMENTS = YES;
				CLANG_WARN_EMPTY_BODY = YES;
				CLANG_WARN_ENUM_CONVERSION = YES;
				CLANG_WARN_INFINITE_RECURSION = YES;
				CLANG_WARN_INT_CONVERSION = YES;
				CLANG_WARN_NON_LITERAL_NULL_CONVERSION = YES;
				CLANG_WARN_OBJC_IMPLICIT_RETAIN_SELF = YES;
				CLANG_WARN_OBJC_LITERAL_CONVERSION = YES;
				CLANG_WARN_OBJC_ROOT_CLASS = YES_ERROR;
				CLANG_WARN_QUOTED_INCLUDE_IN_FRAMEWORK_HEADER = YES;
				CLANG_WARN_RANGE_LOOP_ANALYSIS = YES;
				CLANG_WARN_STRICT_PROTOTYPES = YES;
				CLANG_WARN_SUSPICIOUS_MOVE = YES;
				CLANG_WARN_UNGUARDED_AVAILABILITY = YES_AGGRESSIVE;
				CLANG_WARN_UNREACHABLE_CODE = YES;
				CLANG_WARN__DUPLICATE_METHOD_MATCH = YES;
				COPY_PHASE_STRIP = NO;
				DEBUG_INFORMATION_FORMAT = "dwarf-with-dsym";
				ENABLE_NS_ASSERTIONS = NO;
				ENABLE_STRICT_OBJC_MSGSEND = YES;
				GCC_C_LANGUAGE_STANDARD = gnu11;
				GCC_NO_COMMON_BLOCKS = YES;
				GCC_WARN_64_TO_32_BIT_CONVERSION = YES;
				GCC_WARN_ABOUT_RETURN_TYPE = YES_ERROR;
				GCC_WARN_UNDECLARED_SELECTOR = YES;
				GCC_WARN_UNINITIALIZED_AUTOS = YES_AGGRESSIVE;
				GCC_WARN_UNUSED_FUNCTION = YES;
				GCC_WARN_UNUSED_VARIABLE = YES;
				IPHONEOS_DEPLOYMENT_TARGET = 16.0;
				MTL_ENABLE_DEBUG_INFO = NO;
				MTL_FAST_MATH = YES;
				SDKROOT = iphoneos;
				SWIFT_COMPILATION_MODE = wholemodule;
				SWIFT_OPTIMIZATION_LEVEL = "-O";
				VALIDATE_PRODUCT = YES;
			};
			name = Release;
		};
		7CC49FF528AF65EE00C62D0D /* Debug */ = {
			isa = XCBuildConfiguration;
			buildSettings = {
				ASSETCATALOG_COMPILER_APPICON_NAME = AppIcon;
				ASSETCATALOG_COMPILER_GLOBAL_ACCENT_COLOR_NAME = AccentColor;
				CODE_SIGN_STYLE = Automatic;
				CURRENT_PROJECT_VERSION = 1;
				DEVELOPMENT_TEAM = F9L94B5MBK;
				GENERATE_INFOPLIST_FILE = YES;
				INFOPLIST_FILE = 20220819test/Info.plist;
				INFOPLIST_KEY_UIApplicationSupportsIndirectInputEvents = YES;
				INFOPLIST_KEY_UILaunchStoryboardName = LaunchScreen;
				INFOPLIST_KEY_UIMainStoryboardFile = Main;
				INFOPLIST_KEY_UISupportedInterfaceOrientations_iPad = "UIInterfaceOrientationPortrait UIInterfaceOrientationPortraitUpsideDown UIInterfaceOrientationLandscapeLeft UIInterfaceOrientationLandscapeRight";
				INFOPLIST_KEY_UISupportedInterfaceOrientations_iPhone = "UIInterfaceOrientationPortrait UIInterfaceOrientationLandscapeLeft UIInterfaceOrientationLandscapeRight";
				LD_RUNPATH_SEARCH_PATHS = (
					"$(inherited)",
					"@executable_path/Frameworks",
				);
				MARKETING_VERSION = 1.0;
				PRODUCT_BUNDLE_IDENTIFIER = "com.haku.myapp.-0220819test";
				PRODUCT_NAME = "$(TARGET_NAME)";
				SWIFT_EMIT_LOC_STRINGS = YES;
				SWIFT_VERSION = 5.0;
				TARGETED_DEVICE_FAMILY = "1,2";
			};
			name = Debug;
		};
		7CC49FF628AF65EE00C62D0D /* Release */ = {
			isa = XCBuildConfiguration;
			buildSettings = {
				ASSETCATALOG_COMPILER_APPICON_NAME = AppIcon;
				ASSETCATALOG_COMPILER_GLOBAL_ACCENT_COLOR_NAME = AccentColor;
				CODE_SIGN_STYLE = Automatic;
				CURRENT_PROJECT_VERSION = 1;
				DEVELOPMENT_TEAM = F9L94B5MBK;
				GENERATE_INFOPLIST_FILE = YES;
				INFOPLIST_FILE = 20220819test/Info.plist;
				INFOPLIST_KEY_UIApplicationSupportsIndirectInputEvents = YES;
				INFOPLIST_KEY_UILaunchStoryboardName = LaunchScreen;
				INFOPLIST_KEY_UIMainStoryboardFile = Main;
				INFOPLIST_KEY_UISupportedInterfaceOrientations_iPad = "UIInterfaceOrientationPortrait UIInterfaceOrientationPortraitUpsideDown UIInterfaceOrientationLandscapeLeft UIInterfaceOrientationLandscapeRight";
				INFOPLIST_KEY_UISupportedInterfaceOrientations_iPhone = "UIInterfaceOrientationPortrait UIInterfaceOrientationLandscapeLeft UIInterfaceOrientationLandscapeRight";
				LD_RUNPATH_SEARCH_PATHS = (
					"$(inherited)",
					"@executable_path/Frameworks",
				);
				MARKETING_VERSION = 1.0;
				PRODUCT_BUNDLE_IDENTIFIER = "com.haku.myapp.-0220819test";
				PRODUCT_NAME = "$(TARGET_NAME)";
				SWIFT_EMIT_LOC_STRINGS = YES;
				SWIFT_VERSION = 5.0;
				TARGETED_DEVICE_FAMILY = "1,2";
			};
			name = Release;
		};
		7CC49FF828AF65EE00C62D0D /* Debug */ = {
			isa = XCBuildConfiguration;
			buildSettings = {
				ALWAYS_EMBED_SWIFT_STANDARD_LIBRARIES = YES;
				BUNDLE_LOADER = "$(TEST_HOST)";
				CODE_SIGN_STYLE = Automatic;
				CURRENT_PROJECT_VERSION = 1;
				DEVELOPMENT_TEAM = F9L94B5MBK;
				GENERATE_INFOPLIST_FILE = YES;
				IPHONEOS_DEPLOYMENT_TARGET = 16.0;
				MARKETING_VERSION = 1.0;
				PRODUCT_BUNDLE_IDENTIFIER = "com.haku.myapp.-0220819testTests";
				PRODUCT_NAME = "$(TARGET_NAME)";
				SWIFT_EMIT_LOC_STRINGS = NO;
				SWIFT_VERSION = 5.0;
				TARGETED_DEVICE_FAMILY = "1,2";
				TEST_HOST = "$(BUILT_PRODUCTS_DIR)/骰子.app/$(BUNDLE_EXECUTABLE_FOLDER_PATH)/骰子";
			};
			name = Debug;
		};
		7CC49FF928AF65EE00C62D0D /* Release */ = {
			isa = XCBuildConfiguration;
			buildSettings = {
				ALWAYS_EMBED_SWIFT_STANDARD_LIBRARIES = YES;
				BUNDLE_LOADER = "$(TEST_HOST)";
				CODE_SIGN_STYLE = Automatic;
				CURRENT_PROJECT_VERSION = 1;
				DEVELOPMENT_TEAM = F9L94B5MBK;
				GENERATE_INFOPLIST_FILE = YES;
				IPHONEOS_DEPLOYMENT_TARGET = 16.0;
				MARKETING_VERSION = 1.0;
				PRODUCT_BUNDLE_IDENTIFIER = "com.haku.myapp.-0220819testTests";
				PRODUCT_NAME = "$(TARGET_NAME)";
				SWIFT_EMIT_LOC_STRINGS = NO;
				SWIFT_VERSION = 5.0;
				TARGETED_DEVICE_FAMILY = "1,2";
				TEST_HOST = "$(BUILT_PRODUCTS_DIR)/骰子.app/$(BUNDLE_EXECUTABLE_FOLDER_PATH)/骰子";
			};
			name = Release;
		};
		7CC49FFB28AF65EE00C62D0D /* Debug */ = {
			isa = XCBuildConfiguration;
			buildSettings = {
				ALWAYS_EMBED_SWIFT_STANDARD_LIBRARIES = YES;
				CODE_SIGN_STYLE = Automatic;
				CURRENT_PROJECT_VERSION = 1;
				DEVELOPMENT_TEAM = F9L94B5MBK;
				GENERATE_INFOPLIST_FILE = YES;
				MARKETING_VERSION = 1.0;
				PRODUCT_BUNDLE_IDENTIFIER = "com.haku.myapp.-0220819testUITests";
				PRODUCT_NAME = "$(TARGET_NAME)";
				SWIFT_EMIT_LOC_STRINGS = NO;
				SWIFT_VERSION = 5.0;
				TARGETED_DEVICE_FAMILY = "1,2";
				TEST_TARGET_NAME = 20220819test;
			};
			name = Debug;
		};
		7CC49FFC28AF65EE00C62D0D /* Release */ = {
			isa = XCBuildConfiguration;
			buildSettings = {
				ALWAYS_EMBED_SWIFT_STANDARD_LIBRARIES = YES;
				CODE_SIGN_STYLE = Automatic;
				CURRENT_PROJECT_VERSION = 1;
				DEVELOPMENT_TEAM = F9L94B5MBK;
				GENERATE_INFOPLIST_FILE = YES;
				MARKETING_VERSION = 1.0;
				PRODUCT_BUNDLE_IDENTIFIER = "com.haku.myapp.-0220819testUITests";
				PRODUCT_NAME = "$(TARGET_NAME)";
				SWIFT_EMIT_LOC_STRINGS = NO;
				SWIFT_VERSION = 5.0;
				TARGETED_DEVICE_FAMILY = "1,2";
				TEST_TARGET_NAME = 20220819test;
			};
			name = Release;
		};
/* End XCBuildConfiguration section */

/* Begin XCConfigurationList section */
		7CC49FC528AF65EA00C62D0D /* Build configuration list for PBXProject "骰子" */ = {
			isa = XCConfigurationList;
			buildConfigurations = (
				7CC49FF228AF65EE00C62D0D /* Debug */,
				7CC49FF328AF65EE00C62D0D /* Release */,
			);
			defaultConfigurationIsVisible = 0;
			defaultConfigurationName = Release;
		};
		7CC49FF428AF65EE00C62D0D /* Build configuration list for PBXNativeTarget "骰子" */ = {
			isa = XCConfigurationList;
			buildConfigurations = (
				7CC49FF528AF65EE00C62D0D /* Debug */,
				7CC49FF628AF65EE00C62D0D /* Release */,
			);
			defaultConfigurationIsVisible = 0;
			defaultConfigurationName = Release;
		};
		7CC49FF728AF65EE00C62D0D /* Build configuration list for PBXNativeTarget "骰子Tests" */ = {
			isa = XCConfigurationList;
			buildConfigurations = (
				7CC49FF828AF65EE00C62D0D /* Debug */,
				7CC49FF928AF65EE00C62D0D /* Release */,
			);
			defaultConfigurationIsVisible = 0;
			defaultConfigurationName = Release;
		};
		7CC49FFA28AF65EE00C62D0D /* Build configuration list for PBXNativeTarget "骰子UITests" */ = {
			isa = XCConfigurationList;
			buildConfigurations = (
				7CC49FFB28AF65EE00C62D0D /* Debug */,
				7CC49FFC28AF65EE00C62D0D /* Release */,
			);
			defaultConfigurationIsVisible = 0;
			defaultConfigurationName = Release;
		};
/* End XCConfigurationList section */
	};
	rootObject = 7CC49FC228AF65EA00C62D0D /* Project object */;
}
